// !$*UTF8*$!
{
	archiveVersion = 1;
	classes = {
	};
	objectVersion = 56;
	objects = {

/* Begin PBXBuildFile section */
		3DC0BEB82AC50C2800D423DA /* LoginPageViewController.swift in Sources */ = {isa = PBXBuildFile; fileRef = 3DC0BEB72AC50C2800D423DA /* LoginPageViewController.swift */; };
		3DC0BEBA2AC50C8B00D423DA /* LoginButtonViewController.swift in Sources */ = {isa = PBXBuildFile; fileRef = 3DC0BEB92AC50C8B00D423DA /* LoginButtonViewController.swift */; };
		3DDC9AC32AC38D7F007C1F2D /* AppDelegate.swift in Sources */ = {isa = PBXBuildFile; fileRef = 3DDC9AC22AC38D7F007C1F2D /* AppDelegate.swift */; };
		3DDC9AC52AC38D7F007C1F2D /* SceneDelegate.swift in Sources */ = {isa = PBXBuildFile; fileRef = 3DDC9AC42AC38D7F007C1F2D /* SceneDelegate.swift */; };
		3DDC9AC72AC38D7F007C1F2D /* ViewController.swift in Sources */ = {isa = PBXBuildFile; fileRef = 3DDC9AC62AC38D7F007C1F2D /* ViewController.swift */; };
		3DDC9ACA2AC38D7F007C1F2D /* Main.storyboard in Resources */ = {isa = PBXBuildFile; fileRef = 3DDC9AC82AC38D7F007C1F2D /* Main.storyboard */; };
		3DDC9ACC2AC38D80007C1F2D /* Assets.xcassets in Resources */ = {isa = PBXBuildFile; fileRef = 3DDC9ACB2AC38D80007C1F2D /* Assets.xcassets */; };
		3DDC9ACF2AC38D80007C1F2D /* LaunchScreen.storyboard in Resources */ = {isa = PBXBuildFile; fileRef = 3DDC9ACD2AC38D80007C1F2D /* LaunchScreen.storyboard */; };
		3DDC9ADA2AC38D80007C1F2D /* NWMBloodBankAppTests.swift in Sources */ = {isa = PBXBuildFile; fileRef = 3DDC9AD92AC38D80007C1F2D /* NWMBloodBankAppTests.swift */; };
		3DDC9AE42AC38D80007C1F2D /* NWMBloodBankAppUITests.swift in Sources */ = {isa = PBXBuildFile; fileRef = 3DDC9AE32AC38D80007C1F2D /* NWMBloodBankAppUITests.swift */; };
		3DDC9AE62AC38D80007C1F2D /* NWMBloodBankAppUITestsLaunchTests.swift in Sources */ = {isa = PBXBuildFile; fileRef = 3DDC9AE52AC38D80007C1F2D /* NWMBloodBankAppUITestsLaunchTests.swift */; };
/* End PBXBuildFile section */

/* Begin PBXContainerItemProxy section */
		3DDC9AD62AC38D80007C1F2D /* PBXContainerItemProxy */ = {
			isa = PBXContainerItemProxy;
			containerPortal = 3DDC9AB72AC38D7F007C1F2D /* Project object */;
			proxyType = 1;
			remoteGlobalIDString = 3DDC9ABE2AC38D7F007C1F2D;
			remoteInfo = NWMBloodBankApp;
		};
		3DDC9AE02AC38D80007C1F2D /* PBXContainerItemProxy */ = {
			isa = PBXContainerItemProxy;
			containerPortal = 3DDC9AB72AC38D7F007C1F2D /* Project object */;
			proxyType = 1;
			remoteGlobalIDString = 3DDC9ABE2AC38D7F007C1F2D;
			remoteInfo = NWMBloodBankApp;
		};
/* End PBXContainerItemProxy section */

/* Begin PBXFileReference section */
		3DC0BEB72AC50C2800D423DA /* LoginPageViewController.swift */ = {isa = PBXFileReference; lastKnownFileType = sourcecode.swift; path = LoginPageViewController.swift; sourceTree = "<group>"; };
		3DC0BEB92AC50C8B00D423DA /* LoginButtonViewController.swift */ = {isa = PBXFileReference; lastKnownFileType = sourcecode.swift; path = LoginButtonViewController.swift; sourceTree = "<group>"; };
		3DDC9ABF2AC38D7F007C1F2D /* NWMBloodBankApp.app */ = {isa = PBXFileReference; explicitFileType = wrapper.application; includeInIndex = 0; path = NWMBloodBankApp.app; sourceTree = BUILT_PRODUCTS_DIR; };
		3DDC9AC22AC38D7F007C1F2D /* AppDelegate.swift */ = {isa = PBXFileReference; lastKnownFileType = sourcecode.swift; path = AppDelegate.swift; sourceTree = "<group>"; };
		3DDC9AC42AC38D7F007C1F2D /* SceneDelegate.swift */ = {isa = PBXFileReference; lastKnownFileType = sourcecode.swift; path = SceneDelegate.swift; sourceTree = "<group>"; };
		3DDC9AC62AC38D7F007C1F2D /* ViewController.swift */ = {isa = PBXFileReference; lastKnownFileType = sourcecode.swift; path = ViewController.swift; sourceTree = "<group>"; };
		3DDC9AC92AC38D7F007C1F2D /* Base */ = {isa = PBXFileReference; lastKnownFileType = file.storyboard; name = Base; path = Base.lproj/Main.storyboard; sourceTree = "<group>"; };
		3DDC9ACB2AC38D80007C1F2D /* Assets.xcassets */ = {isa = PBXFileReference; lastKnownFileType = folder.assetcatalog; path = Assets.xcassets; sourceTree = "<group>"; };
		3DDC9ACE2AC38D80007C1F2D /* Base */ = {isa = PBXFileReference; lastKnownFileType = file.storyboard; name = Base; path = Base.lproj/LaunchScreen.storyboard; sourceTree = "<group>"; };
		3DDC9AD02AC38D80007C1F2D /* Info.plist */ = {isa = PBXFileReference; lastKnownFileType = text.plist.xml; path = Info.plist; sourceTree = "<group>"; };
		3DDC9AD52AC38D80007C1F2D /* NWMBloodBankAppTests.xctest */ = {isa = PBXFileReference; explicitFileType = wrapper.cfbundle; includeInIndex = 0; path = NWMBloodBankAppTests.xctest; sourceTree = BUILT_PRODUCTS_DIR; };
		3DDC9AD92AC38D80007C1F2D /* NWMBloodBankAppTests.swift */ = {isa = PBXFileReference; lastKnownFileType = sourcecode.swift; path = NWMBloodBankAppTests.swift; sourceTree = "<group>"; };
		3DDC9ADF2AC38D80007C1F2D /* NWMBloodBankAppUITests.xctest */ = {isa = PBXFileReference; explicitFileType = wrapper.cfbundle; includeInIndex = 0; path = NWMBloodBankAppUITests.xctest; sourceTree = BUILT_PRODUCTS_DIR; };
		3DDC9AE32AC38D80007C1F2D /* NWMBloodBankAppUITests.swift */ = {isa = PBXFileReference; lastKnownFileType = sourcecode.swift; path = NWMBloodBankAppUITests.swift; sourceTree = "<group>"; };
		3DDC9AE52AC38D80007C1F2D /* NWMBloodBankAppUITestsLaunchTests.swift */ = {isa = PBXFileReference; lastKnownFileType = sourcecode.swift; path = NWMBloodBankAppUITestsLaunchTests.swift; sourceTree = "<group>"; };
/* End PBXFileReference section */

/* Begin PBXFrameworksBuildPhase section */
		3DDC9ABC2AC38D7F007C1F2D /* Frameworks */ = {
			isa = PBXFrameworksBuildPhase;
			buildActionMask = 2147483647;
			files = (
			);
			runOnlyForDeploymentPostprocessing = 0;
		};
		3DDC9AD22AC38D80007C1F2D /* Frameworks */ = {
			isa = PBXFrameworksBuildPhase;
			buildActionMask = 2147483647;
			files = (
			);
			runOnlyForDeploymentPostprocessing = 0;
		};
		3DDC9ADC2AC38D80007C1F2D /* Frameworks */ = {
			isa = PBXFrameworksBuildPhase;
			buildActionMask = 2147483647;
			files = (
			);
			runOnlyForDeploymentPostprocessing = 0;
		};
/* End PBXFrameworksBuildPhase section */

/* Begin PBXGroup section */
		3DDC9AB62AC38D7F007C1F2D = {
			isa = PBXGroup;
			children = (
				3DDC9AC12AC38D7F007C1F2D /* NWMBloodBankApp */,
				3DDC9AD82AC38D80007C1F2D /* NWMBloodBankAppTests */,
				3DDC9AE22AC38D80007C1F2D /* NWMBloodBankAppUITests */,
				3DDC9AC02AC38D7F007C1F2D /* Products */,
			);
			sourceTree = "<group>";
		};
		3DDC9AC02AC38D7F007C1F2D /* Products */ = {
			isa = PBXGroup;
			children = (
				3DDC9ABF2AC38D7F007C1F2D /* NWMBloodBankApp.app */,
				3DDC9AD52AC38D80007C1F2D /* NWMBloodBankAppTests.xctest */,
				3DDC9ADF2AC38D80007C1F2D /* NWMBloodBankAppUITests.xctest */,
			);
			name = Products;
			sourceTree = "<group>";
		};
		3DDC9AC12AC38D7F007C1F2D /* NWMBloodBankApp */ = {
			isa = PBXGroup;
			children = (
				3DDC9AC22AC38D7F007C1F2D /* AppDelegate.swift */,
				3DDC9AC42AC38D7F007C1F2D /* SceneDelegate.swift */,
				3DDC9AC62AC38D7F007C1F2D /* ViewController.swift */,
				3DDC9AC82AC38D7F007C1F2D /* Main.storyboard */,
				3DC0BEB92AC50C8B00D423DA /* LoginButtonViewController.swift */,
				3DC0BEB72AC50C2800D423DA /* LoginPageViewController.swift */,
				3DDC9ACB2AC38D80007C1F2D /* Assets.xcassets */,
				3DDC9ACD2AC38D80007C1F2D /* LaunchScreen.storyboard */,
				3DDC9AD02AC38D80007C1F2D /* Info.plist */,
			);
			path = NWMBloodBankApp;
			sourceTree = "<group>";
		};
		3DDC9AD82AC38D80007C1F2D /* NWMBloodBankAppTests */ = {
			isa = PBXGroup;
			children = (
				3DDC9AD92AC38D80007C1F2D /* NWMBloodBankAppTests.swift */,
			);
			path = NWMBloodBankAppTests;
			sourceTree = "<group>";
		};
		3DDC9AE22AC38D80007C1F2D /* NWMBloodBankAppUITests */ = {
			isa = PBXGroup;
			children = (
				3DDC9AE32AC38D80007C1F2D /* NWMBloodBankAppUITests.swift */,
				3DDC9AE52AC38D80007C1F2D /* NWMBloodBankAppUITestsLaunchTests.swift */,
			);
			path = NWMBloodBankAppUITests;
			sourceTree = "<group>";
		};
/* End PBXGroup section */

/* Begin PBXNativeTarget section */
		3DDC9ABE2AC38D7F007C1F2D /* NWMBloodBankApp */ = {
			isa = PBXNativeTarget;
			buildConfigurationList = 3DDC9AE92AC38D80007C1F2D /* Build configuration list for PBXNativeTarget "NWMBloodBankApp" */;
			buildPhases = (
				3DDC9ABB2AC38D7F007C1F2D /* Sources */,
				3DDC9ABC2AC38D7F007C1F2D /* Frameworks */,
				3DDC9ABD2AC38D7F007C1F2D /* Resources */,
			);
			buildRules = (
			);
			dependencies = (
			);
			name = NWMBloodBankApp;
			productName = NWMBloodBankApp;
			productReference = 3DDC9ABF2AC38D7F007C1F2D /* NWMBloodBankApp.app */;
			productType = "com.apple.product-type.application";
		};
		3DDC9AD42AC38D80007C1F2D /* NWMBloodBankAppTests */ = {
			isa = PBXNativeTarget;
			buildConfigurationList = 3DDC9AEC2AC38D80007C1F2D /* Build configuration list for PBXNativeTarget "NWMBloodBankAppTests" */;
			buildPhases = (
				3DDC9AD12AC38D80007C1F2D /* Sources */,
				3DDC9AD22AC38D80007C1F2D /* Frameworks */,
				3DDC9AD32AC38D80007C1F2D /* Resources */,
			);
			buildRules = (
			);
			dependencies = (
				3DDC9AD72AC38D80007C1F2D /* PBXTargetDependency */,
			);
			name = NWMBloodBankAppTests;
			productName = NWMBloodBankAppTests;
			productReference = 3DDC9AD52AC38D80007C1F2D /* NWMBloodBankAppTests.xctest */;
			productType = "com.apple.product-type.bundle.unit-test";
		};
		3DDC9ADE2AC38D80007C1F2D /* NWMBloodBankAppUITests */ = {
			isa = PBXNativeTarget;
			buildConfigurationList = 3DDC9AEF2AC38D80007C1F2D /* Build configuration list for PBXNativeTarget "NWMBloodBankAppUITests" */;
			buildPhases = (
				3DDC9ADB2AC38D80007C1F2D /* Sources */,
				3DDC9ADC2AC38D80007C1F2D /* Frameworks */,
				3DDC9ADD2AC38D80007C1F2D /* Resources */,
			);
			buildRules = (
			);
			dependencies = (
				3DDC9AE12AC38D80007C1F2D /* PBXTargetDependency */,
			);
			name = NWMBloodBankAppUITests;
			productName = NWMBloodBankAppUITests;
			productReference = 3DDC9ADF2AC38D80007C1F2D /* NWMBloodBankAppUITests.xctest */;
			productType = "com.apple.product-type.bundle.ui-testing";
		};
/* End PBXNativeTarget section */

/* Begin PBXProject section */
		3DDC9AB72AC38D7F007C1F2D /* Project object */ = {
			isa = PBXProject;
			attributes = {
				BuildIndependentTargetsInParallel = 1;
				LastSwiftUpdateCheck = 1430;
				LastUpgradeCheck = 1430;
				TargetAttributes = {
					3DDC9ABE2AC38D7F007C1F2D = {
						CreatedOnToolsVersion = 14.3.1;
					};
					3DDC9AD42AC38D80007C1F2D = {
						CreatedOnToolsVersion = 14.3.1;
						TestTargetID = 3DDC9ABE2AC38D7F007C1F2D;
					};
					3DDC9ADE2AC38D80007C1F2D = {
						CreatedOnToolsVersion = 14.3.1;
						TestTargetID = 3DDC9ABE2AC38D7F007C1F2D;
					};
				};
			};
			buildConfigurationList = 3DDC9ABA2AC38D7F007C1F2D /* Build configuration list for PBXProject "NWMBloodBankApp" */;
			compatibilityVersion = "Xcode 14.0";
			developmentRegion = en;
			hasScannedForEncodings = 0;
			knownRegions = (
				en,
				Base,
			);
			mainGroup = 3DDC9AB62AC38D7F007C1F2D;
			productRefGroup = 3DDC9AC02AC38D7F007C1F2D /* Products */;
			projectDirPath = "";
			projectRoot = "";
			targets = (
				3DDC9ABE2AC38D7F007C1F2D /* NWMBloodBankApp */,
				3DDC9AD42AC38D80007C1F2D /* NWMBloodBankAppTests */,
				3DDC9ADE2AC38D80007C1F2D /* NWMBloodBankAppUITests */,
			);
		};
/* End PBXProject section */

/* Begin PBXResourcesBuildPhase section */
		3DDC9ABD2AC38D7F007C1F2D /* Resources */ = {
			isa = PBXResourcesBuildPhase;
			buildActionMask = 2147483647;
			files = (
				3DDC9ACF2AC38D80007C1F2D /* LaunchScreen.storyboard in Resources */,
				3DDC9ACC2AC38D80007C1F2D /* Assets.xcassets in Resources */,
				3DDC9ACA2AC38D7F007C1F2D /* Main.storyboard in Resources */,
			);
			runOnlyForDeploymentPostprocessing = 0;
		};
		3DDC9AD32AC38D80007C1F2D /* Resources */ = {
			isa = PBXResourcesBuildPhase;
			buildActionMask = 2147483647;
			files = (
			);
			runOnlyForDeploymentPostprocessing = 0;
		};
		3DDC9ADD2AC38D80007C1F2D /* Resources */ = {
			isa = PBXResourcesBuildPhase;
			buildActionMask = 2147483647;
			files = (
			);
			runOnlyForDeploymentPostprocessing = 0;
		};
/* End PBXResourcesBuildPhase section */

/* Begin PBXSourcesBuildPhase section */
		3DDC9ABB2AC38D7F007C1F2D /* Sources */ = {
			isa = PBXSourcesBuildPhase;
			buildActionMask = 2147483647;
			files = (
				3DDC9AC72AC38D7F007C1F2D /* ViewController.swift in Sources */,
				3DC0BEB82AC50C2800D423DA /* LoginPageViewController.swift in Sources */,
				3DDC9AC32AC38D7F007C1F2D /* AppDelegate.swift in Sources */,
				3DC0BEBA2AC50C8B00D423DA /* LoginButtonViewController.swift in Sources */,
				3DDC9AC52AC38D7F007C1F2D /* SceneDelegate.swift in Sources */,
			);
			runOnlyForDeploymentPostprocessing = 0;
		};
		3DDC9AD12AC38D80007C1F2D /* Sources */ = {
			isa = PBXSourcesBuildPhase;
			buildActionMask = 2147483647;
			files = (
				3DDC9ADA2AC38D80007C1F2D /* NWMBloodBankAppTests.swift in Sources */,
			);
			runOnlyForDeploymentPostprocessing = 0;
		};
		3DDC9ADB2AC38D80007C1F2D /* Sources */ = {
			isa = PBXSourcesBuildPhase;
			buildActionMask = 2147483647;
			files = (
				3DDC9AE62AC38D80007C1F2D /* NWMBloodBankAppUITestsLaunchTests.swift in Sources */,
				3DDC9AE42AC38D80007C1F2D /* NWMBloodBankAppUITests.swift in Sources */,
			);
			runOnlyForDeploymentPostprocessing = 0;
		};
/* End PBXSourcesBuildPhase section */

/* Begin PBXTargetDependency section */
		3DDC9AD72AC38D80007C1F2D /* PBXTargetDependency */ = {
			isa = PBXTargetDependency;
			target = 3DDC9ABE2AC38D7F007C1F2D /* NWMBloodBankApp */;
			targetProxy = 3DDC9AD62AC38D80007C1F2D /* PBXContainerItemProxy */;
		};
		3DDC9AE12AC38D80007C1F2D /* PBXTargetDependency */ = {
			isa = PBXTargetDependency;
			target = 3DDC9ABE2AC38D7F007C1F2D /* NWMBloodBankApp */;
			targetProxy = 3DDC9AE02AC38D80007C1F2D /* PBXContainerItemProxy */;
		};
/* End PBXTargetDependency section */

/* Begin PBXVariantGroup section */
		3DDC9AC82AC38D7F007C1F2D /* Main.storyboard */ = {
			isa = PBXVariantGroup;
			children = (
				3DDC9AC92AC38D7F007C1F2D /* Base */,
			);
			name = Main.storyboard;
			sourceTree = "<group>";
		};
		3DDC9ACD2AC38D80007C1F2D /* LaunchScreen.storyboard */ = {
			isa = PBXVariantGroup;
			children = (
				3DDC9ACE2AC38D80007C1F2D /* Base */,
			);
			name = LaunchScreen.storyboard;
			sourceTree = "<group>";
		};
/* End PBXVariantGroup section */

/* Begin XCBuildConfiguration section */
		3DDC9AE72AC38D80007C1F2D /* Debug */ = {
			isa = XCBuildConfiguration;
			buildSettings = {
				ALWAYS_SEARCH_USER_PATHS = NO;
				CLANG_ANALYZER_NONNULL = YES;
				CLANG_ANALYZER_NUMBER_OBJECT_CONVERSION = YES_AGGRESSIVE;
				CLANG_CXX_LANGUAGE_STANDARD = "gnu++20";
				CLANG_ENABLE_MODULES = YES;
				CLANG_ENABLE_OBJC_ARC = YES;
				CLANG_ENABLE_OBJC_WEAK = YES;
				CLANG_WARN_BLOCK_CAPTURE_AUTORELEASING = YES;
				CLANG_WARN_BOOL_CONVERSION = YES;
				CLANG_WARN_COMMA = YES;
				CLANG_WARN_CONSTANT_CONVERSION = YES;
				CLANG_WARN_DEPRECATED_OBJC_IMPLEMENTATIONS = YES;
				CLANG_WARN_DIRECT_OBJC_ISA_USAGE = YES_ERROR;
				CLANG_WARN_DOCUMENTATION_COMMENTS = YES;
				CLANG_WARN_EMPTY_BODY = YES;
				CLANG_WARN_ENUM_CONVERSION = YES;
				CLANG_WARN_INFINITE_RECURSION = YES;
				CLANG_WARN_INT_CONVERSION = YES;
				CLANG_WARN_NON_LITERAL_NULL_CONVERSION = YES;
				CLANG_WARN_OBJC_IMPLICIT_RETAIN_SELF = YES;
				CLANG_WARN_OBJC_LITERAL_CONVERSION = YES;
				CLANG_WARN_OBJC_ROOT_CLASS = YES_ERROR;
				CLANG_WARN_QUOTED_INCLUDE_IN_FRAMEWORK_HEADER = YES;
				CLANG_WARN_RANGE_LOOP_ANALYSIS = YES;
				CLANG_WARN_STRICT_PROTOTYPES = YES;
				CLANG_WARN_SUSPICIOUS_MOVE = YES;
				CLANG_WARN_UNGUARDED_AVAILABILITY = YES_AGGRESSIVE;
				CLANG_WARN_UNREACHABLE_CODE = YES;
				CLANG_WARN__DUPLICATE_METHOD_MATCH = YES;
				COPY_PHASE_STRIP = NO;
				DEBUG_INFORMATION_FORMAT = dwarf;
				ENABLE_STRICT_OBJC_MSGSEND = YES;
				ENABLE_TESTABILITY = YES;
				GCC_C_LANGUAGE_STANDARD = gnu11;
				GCC_DYNAMIC_NO_PIC = NO;
				GCC_NO_COMMON_BLOCKS = YES;
				GCC_OPTIMIZATION_LEVEL = 0;
				GCC_PREPROCESSOR_DEFINITIONS = (
					"DEBUG=1",
					"$(inherited)",
				);
				GCC_WARN_64_TO_32_BIT_CONVERSION = YES;
				GCC_WARN_ABOUT_RETURN_TYPE = YES_ERROR;
				GCC_WARN_UNDECLARED_SELECTOR = YES;
				GCC_WARN_UNINITIALIZED_AUTOS = YES_AGGRESSIVE;
				GCC_WARN_UNUSED_FUNCTION = YES;
				GCC_WARN_UNUSED_VARIABLE = YES;
				IPHONEOS_DEPLOYMENT_TARGET = 16.4;
				MTL_ENABLE_DEBUG_INFO = INCLUDE_SOURCE;
				MTL_FAST_MATH = YES;
				ONLY_ACTIVE_ARCH = YES;
				SDKROOT = iphoneos;
				SWIFT_ACTIVE_COMPILATION_CONDITIONS = DEBUG;
				SWIFT_OPTIMIZATION_LEVEL = "-Onone";
			};
			name = Debug;
		};
		3DDC9AE82AC38D80007C1F2D /* Release */ = {
			isa = XCBuildConfiguration;
			buildSettings = {
				ALWAYS_SEARCH_USER_PATHS = NO;
				CLANG_ANALYZER_NONNULL = YES;
				CLANG_ANALYZER_NUMBER_OBJECT_CONVERSION = YES_AGGRESSIVE;
				CLANG_CXX_LANGUAGE_STANDARD = "gnu++20";
				CLANG_ENABLE_MODULES = YES;
				CLANG_ENABLE_OBJC_ARC = YES;
				CLANG_ENABLE_OBJC_WEAK = YES;
				CLANG_WARN_BLOCK_CAPTURE_AUTORELEASING = YES;
				CLANG_WARN_BOOL_CONVERSION = YES;
				CLANG_WARN_COMMA = YES;
				CLANG_WARN_CONSTANT_CONVERSION = YES;
				CLANG_WARN_DEPRECATED_OBJC_IMPLEMENTATIONS = YES;
				CLANG_WARN_DIRECT_OBJC_ISA_USAGE = YES_ERROR;
				CLANG_WARN_DOCUMENTATION_COMMENTS = YES;
				CLANG_WARN_EMPTY_BODY = YES;
				CLANG_WARN_ENUM_CONVERSION = YES;
				CLANG_WARN_INFINITE_RECURSION = YES;
				CLANG_WARN_INT_CONVERSION = YES;
				CLANG_WARN_NON_LITERAL_NULL_CONVERSION = YES;
				CLANG_WARN_OBJC_IMPLICIT_RETAIN_SELF = YES;
				CLANG_WARN_OBJC_LITERAL_CONVERSION = YES;
				CLANG_WARN_OBJC_ROOT_CLASS = YES_ERROR;
				CLANG_WARN_QUOTED_INCLUDE_IN_FRAMEWORK_HEADER = YES;
				CLANG_WARN_RANGE_LOOP_ANALYSIS = YES;
				CLANG_WARN_STRICT_PROTOTYPES = YES;
				CLANG_WARN_SUSPICIOUS_MOVE = YES;
				CLANG_WARN_UNGUARDED_AVAILABILITY = YES_AGGRESSIVE;
				CLANG_WARN_UNREACHABLE_CODE = YES;
				CLANG_WARN__DUPLICATE_METHOD_MATCH = YES;
				COPY_PHASE_STRIP = NO;
				DEBUG_INFORMATION_FORMAT = "dwarf-with-dsym";
				ENABLE_NS_ASSERTIONS = NO;
				ENABLE_STRICT_OBJC_MSGSEND = YES;
				GCC_C_LANGUAGE_STANDARD = gnu11;
				GCC_NO_COMMON_BLOCKS = YES;
				GCC_WARN_64_TO_32_BIT_CONVERSION = YES;
				GCC_WARN_ABOUT_RETURN_TYPE = YES_ERROR;
				GCC_WARN_UNDECLARED_SELECTOR = YES;
				GCC_WARN_UNINITIALIZED_AUTOS = YES_AGGRESSIVE;
				GCC_WARN_UNUSED_FUNCTION = YES;
				GCC_WARN_UNUSED_VARIABLE = YES;
				IPHONEOS_DEPLOYMENT_TARGET = 16.4;
				MTL_ENABLE_DEBUG_INFO = NO;
				MTL_FAST_MATH = YES;
				SDKROOT = iphoneos;
				SWIFT_COMPILATION_MODE = wholemodule;
				SWIFT_OPTIMIZATION_LEVEL = "-O";
				VALIDATE_PRODUCT = YES;
			};
			name = Release;
		};
		3DDC9AEA2AC38D80007C1F2D /* Debug */ = {
			isa = XCBuildConfiguration;
			buildSettings = {
				ASSETCATALOG_COMPILER_APPICON_NAME = AppIcon;
				ASSETCATALOG_COMPILER_GLOBAL_ACCENT_COLOR_NAME = AccentColor;
				CODE_SIGN_STYLE = Automatic;
				CURRENT_PROJECT_VERSION = 1;
				GENERATE_INFOPLIST_FILE = YES;
				INFOPLIST_FILE = NWMBloodBankApp/Info.plist;
				INFOPLIST_KEY_UIApplicationSupportsIndirectInputEvents = YES;
				INFOPLIST_KEY_UILaunchStoryboardName = LaunchScreen;
				INFOPLIST_KEY_UIMainStoryboardFile = Main;
				INFOPLIST_KEY_UISupportedInterfaceOrientations_iPad = "UIInterfaceOrientationPortrait UIInterfaceOrientationPortraitUpsideDown UIInterfaceOrientationLandscapeLeft UIInterfaceOrientationLandscapeRight";
				INFOPLIST_KEY_UISupportedInterfaceOrientations_iPhone = "UIInterfaceOrientationPortrait UIInterfaceOrientationLandscapeLeft UIInterfaceOrientationLandscapeRight";
				LD_RUNPATH_SEARCH_PATHS = (
					"$(inherited)",
					"@executable_path/Frameworks",
				);
				MARKETING_VERSION = 1.0;
				PRODUCT_BUNDLE_IDENTIFIER = edu.northwest.NWMBloodBankApp;
				PRODUCT_NAME = "$(TARGET_NAME)";
				SWIFT_EMIT_LOC_STRINGS = YES;
				SWIFT_VERSION = 5.0;
				TARGETED_DEVICE_FAMILY = "1,2";
			};
			name = Debug;
		};
		3DDC9AEB2AC38D80007C1F2D /* Release */ = {
			isa = XCBuildConfiguration;
			buildSettings = {
				ASSETCATALOG_COMPILER_APPICON_NAME = AppIcon;
				ASSETCATALOG_COMPILER_GLOBAL_ACCENT_COLOR_NAME = AccentColor;
				CODE_SIGN_STYLE = Automatic;
				CURRENT_PROJECT_VERSION = 1;
				GENERATE_INFOPLIST_FILE = YES;
				INFOPLIST_FILE = NWMBloodBankApp/Info.plist;
				INFOPLIST_KEY_UIApplicationSupportsIndirectInputEvents = YES;
				INFOPLIST_KEY_UILaunchStoryboardName = LaunchScreen;
				INFOPLIST_KEY_UIMainStoryboardFile = Main;
				INFOPLIST_KEY_UISupportedInterfaceOrientations_iPad = "UIInterfaceOrientationPortrait UIInterfaceOrientationPortraitUpsideDown UIInterfaceOrientationLandscapeLeft UIInterfaceOrientationLandscapeRight";
				INFOPLIST_KEY_UISupportedInterfaceOrientations_iPhone = "UIInterfaceOrientationPortrait UIInterfaceOrientationLandscapeLeft UIInterfaceOrientationLandscapeRight";
				LD_RUNPATH_SEARCH_PATHS = (
					"$(inherited)",
					"@executable_path/Frameworks",
				);
				MARKETING_VERSION = 1.0;
				PRODUCT_BUNDLE_IDENTIFIER = edu.northwest.NWMBloodBankApp;
				PRODUCT_NAME = "$(TARGET_NAME)";
				SWIFT_EMIT_LOC_STRINGS = YES;
				SWIFT_VERSION = 5.0;
				TARGETED_DEVICE_FAMILY = "1,2";
			};
			name = Release;
		};
		3DDC9AED2AC38D80007C1F2D /* Debug */ = {
			isa = XCBuildConfiguration;
			buildSettings = {
				ALWAYS_EMBED_SWIFT_STANDARD_LIBRARIES = YES;
				BUNDLE_LOADER = "$(TEST_HOST)";
				CODE_SIGN_STYLE = Automatic;
				CURRENT_PROJECT_VERSION = 1;
				GENERATE_INFOPLIST_FILE = YES;
				IPHONEOS_DEPLOYMENT_TARGET = 16.4;
				MARKETING_VERSION = 1.0;
				PRODUCT_BUNDLE_IDENTIFIER = edu.northwest.NWMBloodBankAppTests;
				PRODUCT_NAME = "$(TARGET_NAME)";
				SWIFT_EMIT_LOC_STRINGS = NO;
				SWIFT_VERSION = 5.0;
				TARGETED_DEVICE_FAMILY = "1,2";
				TEST_HOST = "$(BUILT_PRODUCTS_DIR)/NWMBloodBankApp.app/$(BUNDLE_EXECUTABLE_FOLDER_PATH)/NWMBloodBankApp";
			};
			name = Debug;
		};
		3DDC9AEE2AC38D80007C1F2D /* Release */ = {
			isa = XCBuildConfiguration;
			buildSettings = {
				ALWAYS_EMBED_SWIFT_STANDARD_LIBRARIES = YES;
				BUNDLE_LOADER = "$(TEST_HOST)";
				CODE_SIGN_STYLE = Automatic;
				CURRENT_PROJECT_VERSION = 1;
				GENERATE_INFOPLIST_FILE = YES;
				IPHONEOS_DEPLOYMENT_TARGET = 16.4;
				MARKETING_VERSION = 1.0;
				PRODUCT_BUNDLE_IDENTIFIER = edu.northwest.NWMBloodBankAppTests;
				PRODUCT_NAME = "$(TARGET_NAME)";
				SWIFT_EMIT_LOC_STRINGS = NO;
				SWIFT_VERSION = 5.0;
				TARGETED_DEVICE_FAMILY = "1,2";
				TEST_HOST = "$(BUILT_PRODUCTS_DIR)/NWMBloodBankApp.app/$(BUNDLE_EXECUTABLE_FOLDER_PATH)/NWMBloodBankApp";
			};
			name = Release;
		};
		3DDC9AF02AC38D80007C1F2D /* Debug */ = {
			isa = XCBuildConfiguration;
			buildSettings = {
				ALWAYS_EMBED_SWIFT_STANDARD_LIBRARIES = YES;
				CODE_SIGN_STYLE = Automatic;
				CURRENT_PROJECT_VERSION = 1;
				GENERATE_INFOPLIST_FILE = YES;
				MARKETING_VERSION = 1.0;
				PRODUCT_BUNDLE_IDENTIFIER = edu.northwest.NWMBloodBankAppUITests;
				PRODUCT_NAME = "$(TARGET_NAME)";
				SWIFT_EMIT_LOC_STRINGS = NO;
				SWIFT_VERSION = 5.0;
				TARGETED_DEVICE_FAMILY = "1,2";
				TEST_TARGET_NAME = NWMBloodBankApp;
			};
			name = Debug;
		};
		3DDC9AF12AC38D80007C1F2D /* Release */ = {
			isa = XCBuildConfiguration;
			buildSettings = {
				ALWAYS_EMBED_SWIFT_STANDARD_LIBRARIES = YES;
				CODE_SIGN_STYLE = Automatic;
				CURRENT_PROJECT_VERSION = 1;
				GENERATE_INFOPLIST_FILE = YES;
				MARKETING_VERSION = 1.0;
				PRODUCT_BUNDLE_IDENTIFIER = edu.northwest.NWMBloodBankAppUITests;
				PRODUCT_NAME = "$(TARGET_NAME)";
				SWIFT_EMIT_LOC_STRINGS = NO;
				SWIFT_VERSION = 5.0;
				TARGETED_DEVICE_FAMILY = "1,2";
				TEST_TARGET_NAME = NWMBloodBankApp;
			};
			name = Release;
		};
/* End XCBuildConfiguration section */

/* Begin XCConfigurationList section */
		3DDC9ABA2AC38D7F007C1F2D /* Build configuration list for PBXProject "NWMBloodBankApp" */ = {
			isa = XCConfigurationList;
			buildConfigurations = (
				3DDC9AE72AC38D80007C1F2D /* Debug */,
				3DDC9AE82AC38D80007C1F2D /* Release */,
			);
			defaultConfigurationIsVisible = 0;
			defaultConfigurationName = Release;
		};
		3DDC9AE92AC38D80007C1F2D /* Build configuration list for PBXNativeTarget "NWMBloodBankApp" */ = {
			isa = XCConfigurationList;
			buildConfigurations = (
				3DDC9AEA2AC38D80007C1F2D /* Debug */,
				3DDC9AEB2AC38D80007C1F2D /* Release */,
			);
			defaultConfigurationIsVisible = 0;
			defaultConfigurationName = Release;
		};
		3DDC9AEC2AC38D80007C1F2D /* Build configuration list for PBXNativeTarget "NWMBloodBankAppTests" */ = {
			isa = XCConfigurationList;
			buildConfigurations = (
				3DDC9AED2AC38D80007C1F2D /* Debug */,
				3DDC9AEE2AC38D80007C1F2D /* Release */,
			);
			defaultConfigurationIsVisible = 0;
			defaultConfigurationName = Release;
		};
		3DDC9AEF2AC38D80007C1F2D /* Build configuration list for PBXNativeTarget "NWMBloodBankAppUITests" */ = {
			isa = XCConfigurationList;
			buildConfigurations = (
				3DDC9AF02AC38D80007C1F2D /* Debug */,
				3DDC9AF12AC38D80007C1F2D /* Release */,
			);
			defaultConfigurationIsVisible = 0;
			defaultConfigurationName = Release;
		};
/* End XCConfigurationList section */
	};
	rootObject = 3DDC9AB72AC38D7F007C1F2D /* Project object */;
}
